dependencies:
- name: common
  repository: file://charts/common
  version: 0.1.0
- name: main-api
  repository: file://charts/services/main-api
  version: 0.1.0
- name: auth-server
  repository: file://charts/services/auth-server
  version: 0.1.0
- name: notification-service
  repository: file://charts/services/notification-service
  version: 0.1.0
- name: mysql
  repository: file://charts/databases/mysql
  version: 0.1.0
- name: mongodb
  repository: file://charts/databases/mongodb
  version: 0.1.0
- name: mongodb-backup
  repository: file://charts/jobs/mongodb
  version: 0.1.0
- name: redis
  repository: file://charts/cache/redis
  version: 0.1.0
- name: rabbitmq
  repository: file://charts/messaging/rabbitmq
  version: 0.1.0
- name: doppler-kubernetes-operator
  repository: https://helm.doppler.com
  version: 1.5.7
digest: sha256:84e4bea984fe15ba538c4c5ce23b57b236885aa70604f8019d9fc0456dccc4b9
generated: "2025-04-17T02:51:12.952057+05:00"
